<?xml version="1.0" encoding="utf-8"?>
<Project ToolsVersion="4.0" xmlns="http://schemas.microsoft.com/developer/msbuild/2003">
  <ItemGroup>
    <ClCompile Include="Core/glad.c" />
    <ClCompile Include="game.cpp" />
  </ItemGroup>
  <ItemGroup>
    <None Include="Core/engine.cpp" />
    <None Include="Core/gameobject.cpp" />
    <None Include="Core/audio.cpp" />
    <None Include="$(OpenXRLoaderBinaryRoot)\bin\openxr_loader.dll" />
    <None Include="packages.config" />
  </ItemGroup>
</Project>